
Microsoft Visual Studio Solution File, Format Version 12.00
# Visual Studio 14
VisualStudioVersion = 14.0.25420.1
MinimumVisualStudioVersion = 10.0.40219.1
Project("{FAE04EC0-301F-11D3-BF4B-00C04F79EFBC}") = "Yandex", "Yandex\Yandex.csproj", "{35795445-6C1A-43B0-909C-5F8D7E13B2C8}"
EndProject
Project("{FAE04EC0-301F-11D3-BF4B-00C04F79EFBC}") = "Yandex.Office", "Yandex.Office\Yandex.Office.csproj", "{4CB9F686-99CE-4B3F-A68C-800220E9A773}"
EndProject
Global
	GlobalSection(SolutionConfigurationPlatforms) = preSolution
		Debug|Any CPU = Debug|Any CPU
		Release|Any CPU = Release|Any CPU
	EndGlobalSection
	GlobalSection(ProjectConfigurationPlatforms) = postSolution
		{35795445-6C1A-43B0-909C-5F8D7E13B2C8}.Debug|Any CPU.ActiveCfg = Debug|Any CPU
		{35795445-6C1A-43B0-909C-5F8D7E13B2C8}.Debug|Any CPU.Build.0 = Debug|Any CPU
		{35795445-6C1A-43B0-909C-5F8D7E13B2C8}.Release|Any CPU.ActiveCfg = Release|Any CPU
		{35795445-6C1A-43B0-909C-5F8D7E13B2C8}.Release|Any CPU.Build.0 = Release|Any CPU
		{4CB9F686-99CE-4B3F-A68C-800220E9A773}.Debug|Any CPU.ActiveCfg = Debug|Any CPU
		{4CB9F686-99CE-4B3F-A68C-800220E9A773}.Debug|Any CPU.Build.0 = Debug|Any CPU
		{4CB9F686-99CE-4B3F-A68C-800220E9A773}.Debug|Any CPU.Deploy.0 = Debug|Any CPU
		{4CB9F686-99CE-4B3F-A68C-800220E9A773}.Release|Any CPU.ActiveCfg = Release|Any CPU
		{4CB9F686-99CE-4B3F-A68C-800220E9A773}.Release|Any CPU.Build.0 = Release|Any CPU
		{4CB9F686-99CE-4B3F-A68C-800220E9A773}.Release|Any CPU.Deploy.0 = Release|Any CPU
	EndGlobalSection
	GlobalSection(SolutionProperties) = preSolution
		HideSolutionNode = FALSE
	EndGlobalSection
EndGlobal
